
Microsoft Visual Studio Solution File, Format Version 12.00
# Visual Studio 15
VisualStudioVersion = 15.0.27130.2036
MinimumVisualStudioVersion = 10.0.40219.1
Project("{FAE04EC0-301F-11D3-BF4B-00C04F79EFBC}") = "Server", "Server\Server.csproj", "{14E26380-948C-4299-A75B-161FB752D10B}"
EndProject
Global
	GlobalSection(SolutionConfigurationPlatforms) = preSolution
		Debug|Any CPU = Debug|Any CPU
		Release|Any CPU = Release|Any CPU
	EndGlobalSection
	GlobalSection(ProjectConfigurationPlatforms) = postSolution
		{14E26380-948C-4299-A75B-161FB752D10B}.Debug|Any CPU.ActiveCfg = Debug|Any CPU
		{14E26380-948C-4299-A75B-161FB752D10B}.Debug|Any CPU.Build.0 = Debug|Any CPU
		{14E26380-948C-4299-A75B-161FB752D10B}.Release|Any CPU.ActiveCfg = Release|Any CPU
		{14E26380-948C-4299-A75B-161FB752D10B}.Release|Any CPU.Build.0 = Release|Any CPU
	EndGlobalSection
	GlobalSection(SolutionProperties) = preSolution
		HideSolutionNode = FALSE
	EndGlobalSection
	GlobalSection(ExtensibilityGlobals) = postSolution
		SolutionGuid = {5FEAC0F3-0640-43D3-93D9-A925FE4AB6F7}
	EndGlobalSection
EndGlobal
